
Microsoft Visual Studio Solution File, Format Version 12.00
# Visual Studio Version 16
VisualStudioVersion = 16.0.29409.12
MinimumVisualStudioVersion = 10.0.40219.1
Project("{FAE04EC0-301F-11D3-BF4B-00C04F79EFBC}") = "Project2Prototype", "Project2Prototype\Project2Prototype.csproj", "{7FBC0D7C-B63E-44E1-A00E-FB779D728D62}"
EndProject
Project("{FAE04EC0-301F-11D3-BF4B-00C04F79EFBC}") = "Project2Prototype.Data", "Project2Prototype.Data\Project2Prototype.Data.csproj", "{DF88C8A7-0DFA-4A27-B2D2-4C620BB84E39}"
EndProject
Project("{FAE04EC0-301F-11D3-BF4B-00C04F79EFBC}") = "Project2Prototype.Library", "Project2Prototype.Library\Project2Prototype.Library.csproj", "{19FDAAA6-DE48-4CEF-9169-40CCA023B5E9}"
EndProject
Global
	GlobalSection(SolutionConfigurationPlatforms) = preSolution
		Debug|Any CPU = Debug|Any CPU
		Release|Any CPU = Release|Any CPU
	EndGlobalSection
	GlobalSection(ProjectConfigurationPlatforms) = postSolution
		{7FBC0D7C-B63E-44E1-A00E-FB779D728D62}.Debug|Any CPU.ActiveCfg = Debug|Any CPU
		{7FBC0D7C-B63E-44E1-A00E-FB779D728D62}.Debug|Any CPU.Build.0 = Debug|Any CPU
		{7FBC0D7C-B63E-44E1-A00E-FB779D728D62}.Release|Any CPU.ActiveCfg = Release|Any CPU
		{7FBC0D7C-B63E-44E1-A00E-FB779D728D62}.Release|Any CPU.Build.0 = Release|Any CPU
		{DF88C8A7-0DFA-4A27-B2D2-4C620BB84E39}.Debug|Any CPU.ActiveCfg = Debug|Any CPU
		{DF88C8A7-0DFA-4A27-B2D2-4C620BB84E39}.Debug|Any CPU.Build.0 = Debug|Any CPU
		{DF88C8A7-0DFA-4A27-B2D2-4C620BB84E39}.Release|Any CPU.ActiveCfg = Release|Any CPU
		{DF88C8A7-0DFA-4A27-B2D2-4C620BB84E39}.Release|Any CPU.Build.0 = Release|Any CPU
		{19FDAAA6-DE48-4CEF-9169-40CCA023B5E9}.Debug|Any CPU.ActiveCfg = Debug|Any CPU
		{19FDAAA6-DE48-4CEF-9169-40CCA023B5E9}.Debug|Any CPU.Build.0 = Debug|Any CPU
		{19FDAAA6-DE48-4CEF-9169-40CCA023B5E9}.Release|Any CPU.ActiveCfg = Release|Any CPU
		{19FDAAA6-DE48-4CEF-9169-40CCA023B5E9}.Release|Any CPU.Build.0 = Release|Any CPU
	EndGlobalSection
	GlobalSection(SolutionProperties) = preSolution
		HideSolutionNode = FALSE
	EndGlobalSection
	GlobalSection(ExtensibilityGlobals) = postSolution
		SolutionGuid = {2FC8D52D-316E-46DC-AFFF-1B54F3F61508}
	EndGlobalSection
EndGlobal
